
Microsoft Visual Studio Solution File, Format Version 12.00
# Visual Studio 15
VisualStudioVersion = 15.0.28307.852
MinimumVisualStudioVersion = 10.0.40219.1
Project("{FAE04EC0-301F-11D3-BF4B-00C04F79EFBC}") = "NBackTask", "NBackTask.csproj", "{B236D438-1436-4EC7-A0C1-1F7D3972E02D}"
EndProject
Global
	GlobalSection(SolutionConfigurationPlatforms) = preSolution
		Debug|Any CPU = Debug|Any CPU
		Release|Any CPU = Release|Any CPU
	EndGlobalSection
	GlobalSection(ProjectConfigurationPlatforms) = postSolution
		{B236D438-1436-4EC7-A0C1-1F7D3972E02D}.Debug|Any CPU.ActiveCfg = Debug|Any CPU
		{B236D438-1436-4EC7-A0C1-1F7D3972E02D}.Debug|Any CPU.Build.0 = Debug|Any CPU
		{B236D438-1436-4EC7-A0C1-1F7D3972E02D}.Release|Any CPU.ActiveCfg = Release|Any CPU
		{B236D438-1436-4EC7-A0C1-1F7D3972E02D}.Release|Any CPU.Build.0 = Release|Any CPU
	EndGlobalSection
	GlobalSection(SolutionProperties) = preSolution
		HideSolutionNode = FALSE
	EndGlobalSection
	GlobalSection(ExtensibilityGlobals) = postSolution
		SolutionGuid = {8C36522A-6930-4084-AC5F-1ADF96CDAB24}
	EndGlobalSection
EndGlobal
